
Microsoft Visual Studio Solution File, Format Version 12.00
# Visual Studio Version 17
VisualStudioVersion = 17.8.34322.80
MinimumVisualStudioVersion = 10.0.40219.1
Project("{9A19103F-16F7-4668-BE54-9A1E7A4F7556}") = "XYZ.BOUTIQUE.Transversal.Common", "Pacagroup.Ecommerce.Transversal.Common\XYZ.BOUTIQUE.Transversal.Common.csproj", "{461ED25B-9ADE-4DBE-A630-8B794DD02FD6}"
EndProject
Project("{2150E333-8FDC-42A3-9474-1A3956D46DE8}") = "Aplicacion", "Aplicacion", "{EB448AE7-AA07-4BDD-A311-4816C699AE2E}"
EndProject
Project("{2150E333-8FDC-42A3-9474-1A3956D46DE8}") = "Dominio", "Dominio", "{025E8E0A-3A9D-4BA2-AC94-F3E233BBFA62}"
EndProject
Project("{2150E333-8FDC-42A3-9474-1A3956D46DE8}") = "Infraestructura", "Infraestructura", "{B9C20734-52B1-46FC-BB3B-83B4E14D81F1}"
EndProject
Project("{2150E333-8FDC-42A3-9474-1A3956D46DE8}") = "Servicio", "Servicio", "{44913761-9C6C-44A5-9D16-559E6BF76830}"
EndProject
Project("{2150E333-8FDC-42A3-9474-1A3956D46DE8}") = "Transversal", "Transversal", "{7AB0A8C9-2D16-4691-AF1A-3E0E6BA1DB6F}"
EndProject
Project("{9A19103F-16F7-4668-BE54-9A1E7A4F7556}") = "XYZ.BOUTIQUE.Infrastructure.Data", "Pacagroup.Ecommerce.Infrastructure.Data\XYZ.BOUTIQUE.Infrastructure.Data.csproj", "{206EFF80-9C40-49D1-AAE0-043198DF6BF3}"
EndProject
Project("{9A19103F-16F7-4668-BE54-9A1E7A4F7556}") = "XYZ.BOUTIQUE.Infrastructure.Interface", "Pacagroup.Ecommerce.Infrastructure.Interface\XYZ.BOUTIQUE.Infrastructure.Interface.csproj", "{2D317B10-261E-4D58-BBEC-49C7EC96DED7}"
EndProject
Project("{9A19103F-16F7-4668-BE54-9A1E7A4F7556}") = "XYZ.BOUTIQUE.Domain.Entity", "Pacagroup.Ecommerce.Domain.Entity\XYZ.BOUTIQUE.Domain.Entity.csproj", "{8DCA6C02-97C2-4999-831D-8D4A8E2CF0E7}"
EndProject
Project("{9A19103F-16F7-4668-BE54-9A1E7A4F7556}") = "XYZ.BOUTIQUE.Infrastructure.Repository", "Pacagroup.Ecommerce.Infrastructure.Repository\XYZ.BOUTIQUE.Infrastructure.Repository.csproj", "{AEA9C462-2C2B-4BBF-968B-8A435316C8F4}"
EndProject
Project("{9A19103F-16F7-4668-BE54-9A1E7A4F7556}") = "XYZ.BOUTIQUE.Domain.Interface", "Pacagroup.Ecommerce.Domain.Interface\XYZ.BOUTIQUE.Domain.Interface.csproj", "{CBDF066D-3325-4487-A288-ABD2606E9EDC}"
EndProject
Project("{9A19103F-16F7-4668-BE54-9A1E7A4F7556}") = "XYZ.BOUTIQUE.Domain.Core", "Pacagroup.Ecommerce.Domain.Core\XYZ.BOUTIQUE.Domain.Core.csproj", "{4CFCB3B5-11B1-425C-8AAD-B806F96E1160}"
EndProject
Project("{9A19103F-16F7-4668-BE54-9A1E7A4F7556}") = "XYZ.BOUTIQUE.Application.Dto", "Pacagroup.Ecommerce.Application.Dto\XYZ.BOUTIQUE.Application.Dto.csproj", "{1685F49B-9E7D-4FC6-8802-617E48C5D018}"
EndProject
Project("{9A19103F-16F7-4668-BE54-9A1E7A4F7556}") = "XYZ.BOUTIQUE.Transversal.Mapper", "Pacagroup.Ecommerce.Transversal.Mapper\XYZ.BOUTIQUE.Transversal.Mapper.csproj", "{CE42F3F7-9E3A-4675-AA51-85486679D449}"
EndProject
Project("{9A19103F-16F7-4668-BE54-9A1E7A4F7556}") = "XYZ.BOUTIQUE.Application.Interface", "Pacagroup.Ecommerce.Application.Interface\XYZ.BOUTIQUE.Application.Interface.csproj", "{B3236C89-3C30-4D54-B3CD-F857ACFDDC54}"
EndProject
Project("{9A19103F-16F7-4668-BE54-9A1E7A4F7556}") = "XYZ.BOUTIQUE.Application.Main", "Pacagroup.Ecommerce.Application.Main\XYZ.BOUTIQUE.Application.Main.csproj", "{51F5C2BB-151B-4A48-B332-364BCC21CE01}"
EndProject
Project("{9A19103F-16F7-4668-BE54-9A1E7A4F7556}") = "XYZ.BOUTIQUE.Services.WebApi", "Pacagroup.Ecommerce.Services.WebApi\XYZ.BOUTIQUE.Services.WebApi.csproj", "{92DEF311-22E6-436D-A439-0B46166861C0}"
EndProject
Global
	GlobalSection(SolutionConfigurationPlatforms) = preSolution
		Debug|Any CPU = Debug|Any CPU
		Release|Any CPU = Release|Any CPU
	EndGlobalSection
	GlobalSection(ProjectConfigurationPlatforms) = postSolution
		{461ED25B-9ADE-4DBE-A630-8B794DD02FD6}.Debug|Any CPU.ActiveCfg = Debug|Any CPU
		{461ED25B-9ADE-4DBE-A630-8B794DD02FD6}.Debug|Any CPU.Build.0 = Debug|Any CPU
		{461ED25B-9ADE-4DBE-A630-8B794DD02FD6}.Release|Any CPU.ActiveCfg = Release|Any CPU
		{461ED25B-9ADE-4DBE-A630-8B794DD02FD6}.Release|Any CPU.Build.0 = Release|Any CPU
		{206EFF80-9C40-49D1-AAE0-043198DF6BF3}.Debug|Any CPU.ActiveCfg = Debug|Any CPU
		{206EFF80-9C40-49D1-AAE0-043198DF6BF3}.Debug|Any CPU.Build.0 = Debug|Any CPU
		{206EFF80-9C40-49D1-AAE0-043198DF6BF3}.Release|Any CPU.ActiveCfg = Release|Any CPU
		{206EFF80-9C40-49D1-AAE0-043198DF6BF3}.Release|Any CPU.Build.0 = Release|Any CPU
		{2D317B10-261E-4D58-BBEC-49C7EC96DED7}.Debug|Any CPU.ActiveCfg = Debug|Any CPU
		{2D317B10-261E-4D58-BBEC-49C7EC96DED7}.Debug|Any CPU.Build.0 = Debug|Any CPU
		{2D317B10-261E-4D58-BBEC-49C7EC96DED7}.Release|Any CPU.ActiveCfg = Release|Any CPU
		{2D317B10-261E-4D58-BBEC-49C7EC96DED7}.Release|Any CPU.Build.0 = Release|Any CPU
		{8DCA6C02-97C2-4999-831D-8D4A8E2CF0E7}.Debug|Any CPU.ActiveCfg = Debug|Any CPU
		{8DCA6C02-97C2-4999-831D-8D4A8E2CF0E7}.Debug|Any CPU.Build.0 = Debug|Any CPU
		{8DCA6C02-97C2-4999-831D-8D4A8E2CF0E7}.Release|Any CPU.ActiveCfg = Release|Any CPU
		{8DCA6C02-97C2-4999-831D-8D4A8E2CF0E7}.Release|Any CPU.Build.0 = Release|Any CPU
		{AEA9C462-2C2B-4BBF-968B-8A435316C8F4}.Debug|Any CPU.ActiveCfg = Debug|Any CPU
		{AEA9C462-2C2B-4BBF-968B-8A435316C8F4}.Debug|Any CPU.Build.0 = Debug|Any CPU
		{AEA9C462-2C2B-4BBF-968B-8A435316C8F4}.Release|Any CPU.ActiveCfg = Release|Any CPU
		{AEA9C462-2C2B-4BBF-968B-8A435316C8F4}.Release|Any CPU.Build.0 = Release|Any CPU
		{CBDF066D-3325-4487-A288-ABD2606E9EDC}.Debug|Any CPU.ActiveCfg = Debug|Any CPU
		{CBDF066D-3325-4487-A288-ABD2606E9EDC}.Debug|Any CPU.Build.0 = Debug|Any CPU
		{CBDF066D-3325-4487-A288-ABD2606E9EDC}.Release|Any CPU.ActiveCfg = Release|Any CPU
		{CBDF066D-3325-4487-A288-ABD2606E9EDC}.Release|Any CPU.Build.0 = Release|Any CPU
		{4CFCB3B5-11B1-425C-8AAD-B806F96E1160}.Debug|Any CPU.ActiveCfg = Debug|Any CPU
		{4CFCB3B5-11B1-425C-8AAD-B806F96E1160}.Debug|Any CPU.Build.0 = Debug|Any CPU
		{4CFCB3B5-11B1-425C-8AAD-B806F96E1160}.Release|Any CPU.ActiveCfg = Release|Any CPU
		{4CFCB3B5-11B1-425C-8AAD-B806F96E1160}.Release|Any CPU.Build.0 = Release|Any CPU
		{1685F49B-9E7D-4FC6-8802-617E48C5D018}.Debug|Any CPU.ActiveCfg = Debug|Any CPU
		{1685F49B-9E7D-4FC6-8802-617E48C5D018}.Debug|Any CPU.Build.0 = Debug|Any CPU
		{1685F49B-9E7D-4FC6-8802-617E48C5D018}.Release|Any CPU.ActiveCfg = Release|Any CPU
		{1685F49B-9E7D-4FC6-8802-617E48C5D018}.Release|Any CPU.Build.0 = Release|Any CPU
		{CE42F3F7-9E3A-4675-AA51-85486679D449}.Debug|Any CPU.ActiveCfg = Debug|Any CPU
		{CE42F3F7-9E3A-4675-AA51-85486679D449}.Debug|Any CPU.Build.0 = Debug|Any CPU
		{CE42F3F7-9E3A-4675-AA51-85486679D449}.Release|Any CPU.ActiveCfg = Release|Any CPU
		{CE42F3F7-9E3A-4675-AA51-85486679D449}.Release|Any CPU.Build.0 = Release|Any CPU
		{B3236C89-3C30-4D54-B3CD-F857ACFDDC54}.Debug|Any CPU.ActiveCfg = Debug|Any CPU
		{B3236C89-3C30-4D54-B3CD-F857ACFDDC54}.Debug|Any CPU.Build.0 = Debug|Any CPU
		{B3236C89-3C30-4D54-B3CD-F857ACFDDC54}.Release|Any CPU.ActiveCfg = Release|Any CPU
		{B3236C89-3C30-4D54-B3CD-F857ACFDDC54}.Release|Any CPU.Build.0 = Release|Any CPU
		{51F5C2BB-151B-4A48-B332-364BCC21CE01}.Debug|Any CPU.ActiveCfg = Debug|Any CPU
		{51F5C2BB-151B-4A48-B332-364BCC21CE01}.Debug|Any CPU.Build.0 = Debug|Any CPU
		{51F5C2BB-151B-4A48-B332-364BCC21CE01}.Release|Any CPU.ActiveCfg = Release|Any CPU
		{51F5C2BB-151B-4A48-B332-364BCC21CE01}.Release|Any CPU.Build.0 = Release|Any CPU
		{92DEF311-22E6-436D-A439-0B46166861C0}.Debug|Any CPU.ActiveCfg = Debug|Any CPU
		{92DEF311-22E6-436D-A439-0B46166861C0}.Debug|Any CPU.Build.0 = Debug|Any CPU
		{92DEF311-22E6-436D-A439-0B46166861C0}.Release|Any CPU.ActiveCfg = Release|Any CPU
		{92DEF311-22E6-436D-A439-0B46166861C0}.Release|Any CPU.Build.0 = Release|Any CPU
	EndGlobalSection
	GlobalSection(SolutionProperties) = preSolution
		HideSolutionNode = FALSE
	EndGlobalSection
	GlobalSection(NestedProjects) = preSolution
		{461ED25B-9ADE-4DBE-A630-8B794DD02FD6} = {7AB0A8C9-2D16-4691-AF1A-3E0E6BA1DB6F}
		{206EFF80-9C40-49D1-AAE0-043198DF6BF3} = {B9C20734-52B1-46FC-BB3B-83B4E14D81F1}
		{2D317B10-261E-4D58-BBEC-49C7EC96DED7} = {B9C20734-52B1-46FC-BB3B-83B4E14D81F1}
		{8DCA6C02-97C2-4999-831D-8D4A8E2CF0E7} = {025E8E0A-3A9D-4BA2-AC94-F3E233BBFA62}
		{AEA9C462-2C2B-4BBF-968B-8A435316C8F4} = {B9C20734-52B1-46FC-BB3B-83B4E14D81F1}
		{CBDF066D-3325-4487-A288-ABD2606E9EDC} = {025E8E0A-3A9D-4BA2-AC94-F3E233BBFA62}
		{4CFCB3B5-11B1-425C-8AAD-B806F96E1160} = {025E8E0A-3A9D-4BA2-AC94-F3E233BBFA62}
		{1685F49B-9E7D-4FC6-8802-617E48C5D018} = {EB448AE7-AA07-4BDD-A311-4816C699AE2E}
		{CE42F3F7-9E3A-4675-AA51-85486679D449} = {7AB0A8C9-2D16-4691-AF1A-3E0E6BA1DB6F}
		{B3236C89-3C30-4D54-B3CD-F857ACFDDC54} = {EB448AE7-AA07-4BDD-A311-4816C699AE2E}
		{51F5C2BB-151B-4A48-B332-364BCC21CE01} = {EB448AE7-AA07-4BDD-A311-4816C699AE2E}
		{92DEF311-22E6-436D-A439-0B46166861C0} = {44913761-9C6C-44A5-9D16-559E6BF76830}
	EndGlobalSection
	GlobalSection(ExtensibilityGlobals) = postSolution
		SolutionGuid = {B1E7A6F9-D84C-432E-A9C8-E6298A759832}
	EndGlobalSection
EndGlobal
